{
  "name": "assets",
  "version": "1.0.0",
  "lockfileVersion": 2,
  "requires": true,
  "packages": {
    "": {
      "name": "assets",
      "version": "1.0.0",
      "license": "MIT",
      "dependencies": {
        "uplot": "1.6.22"
      }
    },
    "node_modules/uplot": {
      "version": "1.6.22",
      "resolved": "https://registry.npmjs.org/uplot/-/uplot-1.6.22.tgz",
      "integrity": "sha512-2jtSb/YHUgtmIUn0+QJjf7ggcJicb5PKe7ijBiRDTPsG/f8F/MFayZ+g6/0kATNkDyF/qQsHJDmCp6cxncg1EQ=="
    }
  },
  "dependencies": {
    "uplot": {
      "version": "1.6.22",
      "resolved": "https://registry.npmjs.org/uplot/-/uplot-1.6.22.tgz",
      "integrity": "sha512-2jtSb/YHUgtmIUn0+QJjf7ggcJicb5PKe7ijBiRDTPsG/f8F/MFayZ+g6/0kATNkDyF/qQsHJDmCp6cxncg1EQ=="
    }
  }
}
